
Microsoft Visual Studio Solution File, Format Version 12.00
# Visual Studio 15
Project("{FAE04EC0-301F-11D3-BF4B-00C04F79EFBC}") = "LayoutXAMLExample.Android", "LayoutXAMLExample.Android\LayoutXAMLExample.Android.csproj", "{86A0AE63-8A67-4C03-A324-ADC28982AE1D}"
EndProject
Project("{FAE04EC0-301F-11D3-BF4B-00C04F79EFBC}") = "LayoutXAMLExample.iOS", "LayoutXAMLExample.iOS\LayoutXAMLExample.iOS.csproj", "{1D914675-C93F-49E9-938F-8BD9A0DA856A}"
EndProject
Project("{FAE04EC0-301F-11D3-BF4B-00C04F79EFBC}") = "LayoutXAMLExample", "LayoutXAMLExample\LayoutXAMLExample.csproj", "{2755C30C-0A64-49FE-A938-8BB3A3278F6A}"
EndProject
Global
	GlobalSection(SolutionConfigurationPlatforms) = preSolution
		Debug|Any CPU = Debug|Any CPU
		Release|Any CPU = Release|Any CPU
		Debug|iPhoneSimulator = Debug|iPhoneSimulator
		Release|iPhoneSimulator = Release|iPhoneSimulator
		Debug|iPhone = Debug|iPhone
		Release|iPhone = Release|iPhone
		Ad-Hoc|iPhone = Ad-Hoc|iPhone
		AppStore|iPhone = AppStore|iPhone
	EndGlobalSection
	GlobalSection(ProjectConfigurationPlatforms) = postSolution
		{86A0AE63-8A67-4C03-A324-ADC28982AE1D}.Debug|Any CPU.ActiveCfg = Debug|Any CPU
		{86A0AE63-8A67-4C03-A324-ADC28982AE1D}.Debug|Any CPU.Build.0 = Debug|Any CPU
		{86A0AE63-8A67-4C03-A324-ADC28982AE1D}.Release|Any CPU.ActiveCfg = Release|Any CPU
		{86A0AE63-8A67-4C03-A324-ADC28982AE1D}.Release|Any CPU.Build.0 = Release|Any CPU
		{86A0AE63-8A67-4C03-A324-ADC28982AE1D}.Debug|iPhoneSimulator.ActiveCfg = Debug|Any CPU
		{86A0AE63-8A67-4C03-A324-ADC28982AE1D}.Debug|iPhoneSimulator.Build.0 = Debug|Any CPU
		{86A0AE63-8A67-4C03-A324-ADC28982AE1D}.Release|iPhoneSimulator.ActiveCfg = Release|Any CPU
		{86A0AE63-8A67-4C03-A324-ADC28982AE1D}.Release|iPhoneSimulator.Build.0 = Release|Any CPU
		{86A0AE63-8A67-4C03-A324-ADC28982AE1D}.Debug|iPhone.ActiveCfg = Debug|Any CPU
		{86A0AE63-8A67-4C03-A324-ADC28982AE1D}.Debug|iPhone.Build.0 = Debug|Any CPU
		{86A0AE63-8A67-4C03-A324-ADC28982AE1D}.Release|iPhone.ActiveCfg = Release|Any CPU
		{86A0AE63-8A67-4C03-A324-ADC28982AE1D}.Release|iPhone.Build.0 = Release|Any CPU
		{86A0AE63-8A67-4C03-A324-ADC28982AE1D}.Ad-Hoc|iPhone.ActiveCfg = Debug|Any CPU
		{86A0AE63-8A67-4C03-A324-ADC28982AE1D}.Ad-Hoc|iPhone.Build.0 = Debug|Any CPU
		{86A0AE63-8A67-4C03-A324-ADC28982AE1D}.AppStore|iPhone.ActiveCfg = Debug|Any CPU
		{86A0AE63-8A67-4C03-A324-ADC28982AE1D}.AppStore|iPhone.Build.0 = Debug|Any CPU
		{1D914675-C93F-49E9-938F-8BD9A0DA856A}.Debug|Any CPU.ActiveCfg = Debug|iPhoneSimulator
		{1D914675-C93F-49E9-938F-8BD9A0DA856A}.Debug|Any CPU.Build.0 = Debug|iPhoneSimulator
		{1D914675-C93F-49E9-938F-8BD9A0DA856A}.Release|Any CPU.ActiveCfg = Release|iPhoneSimulator
		{1D914675-C93F-49E9-938F-8BD9A0DA856A}.Release|Any CPU.Build.0 = Release|iPhoneSimulator
		{1D914675-C93F-49E9-938F-8BD9A0DA856A}.Debug|iPhoneSimulator.ActiveCfg = Debug|iPhoneSimulator
		{1D914675-C93F-49E9-938F-8BD9A0DA856A}.Debug|iPhoneSimulator.Build.0 = Debug|iPhoneSimulator
		{1D914675-C93F-49E9-938F-8BD9A0DA856A}.Release|iPhoneSimulator.ActiveCfg = Release|iPhoneSimulator
		{1D914675-C93F-49E9-938F-8BD9A0DA856A}.Release|iPhoneSimulator.Build.0 = Release|iPhoneSimulator
		{1D914675-C93F-49E9-938F-8BD9A0DA856A}.Debug|iPhone.ActiveCfg = Debug|iPhone
		{1D914675-C93F-49E9-938F-8BD9A0DA856A}.Debug|iPhone.Build.0 = Debug|iPhone
		{1D914675-C93F-49E9-938F-8BD9A0DA856A}.Release|iPhone.ActiveCfg = Release|iPhone
		{1D914675-C93F-49E9-938F-8BD9A0DA856A}.Release|iPhone.Build.0 = Release|iPhone
		{1D914675-C93F-49E9-938F-8BD9A0DA856A}.Ad-Hoc|iPhone.ActiveCfg = Ad-Hoc|iPhone
		{1D914675-C93F-49E9-938F-8BD9A0DA856A}.Ad-Hoc|iPhone.Build.0 = Ad-Hoc|iPhone
		{1D914675-C93F-49E9-938F-8BD9A0DA856A}.AppStore|iPhone.ActiveCfg = AppStore|iPhone
		{1D914675-C93F-49E9-938F-8BD9A0DA856A}.AppStore|iPhone.Build.0 = AppStore|iPhone
		{2755C30C-0A64-49FE-A938-8BB3A3278F6A}.Debug|Any CPU.ActiveCfg = Debug|Any CPU
		{2755C30C-0A64-49FE-A938-8BB3A3278F6A}.Debug|Any CPU.Build.0 = Debug|Any CPU
		{2755C30C-0A64-49FE-A938-8BB3A3278F6A}.Release|Any CPU.ActiveCfg = Release|Any CPU
		{2755C30C-0A64-49FE-A938-8BB3A3278F6A}.Release|Any CPU.Build.0 = Release|Any CPU
		{2755C30C-0A64-49FE-A938-8BB3A3278F6A}.Debug|iPhoneSimulator.ActiveCfg = Debug|Any CPU
		{2755C30C-0A64-49FE-A938-8BB3A3278F6A}.Debug|iPhoneSimulator.Build.0 = Debug|Any CPU
		{2755C30C-0A64-49FE-A938-8BB3A3278F6A}.Release|iPhoneSimulator.ActiveCfg = Release|Any CPU
		{2755C30C-0A64-49FE-A938-8BB3A3278F6A}.Release|iPhoneSimulator.Build.0 = Release|Any CPU
		{2755C30C-0A64-49FE-A938-8BB3A3278F6A}.Debug|iPhone.ActiveCfg = Debug|Any CPU
		{2755C30C-0A64-49FE-A938-8BB3A3278F6A}.Debug|iPhone.Build.0 = Debug|Any CPU
		{2755C30C-0A64-49FE-A938-8BB3A3278F6A}.Release|iPhone.ActiveCfg = Release|Any CPU
		{2755C30C-0A64-49FE-A938-8BB3A3278F6A}.Release|iPhone.Build.0 = Release|Any CPU
		{2755C30C-0A64-49FE-A938-8BB3A3278F6A}.Ad-Hoc|iPhone.ActiveCfg = Debug|Any CPU
		{2755C30C-0A64-49FE-A938-8BB3A3278F6A}.Ad-Hoc|iPhone.Build.0 = Debug|Any CPU
		{2755C30C-0A64-49FE-A938-8BB3A3278F6A}.AppStore|iPhone.ActiveCfg = Debug|Any CPU
		{2755C30C-0A64-49FE-A938-8BB3A3278F6A}.AppStore|iPhone.Build.0 = Debug|Any CPU
	EndGlobalSection
EndGlobal
